
Microsoft Visual Studio Solution File, Format Version 12.00
# Visual Studio Version 17
VisualStudioVersion = 17.
MinimumVisualStudioVersion = 10.0.40219.1
Project("{9A19103F-16F7-4668-BE54-9A1E7A4F7556}") = "DemoApp", "DemoApp\DemoApp.csproj", "{2D9B5224-65AC-488E-989E-7086BF35F540}"
EndProject
Global
	GlobalSection(SolutionConfigurationPlatforms) = preSolution
		Debug|Any CPU = Debug|Any CPU
		Release|Any CPU = Release|Any CPU
	EndGlobalSection
	GlobalSection(ProjectConfigurationPlatforms) = postSolution
		{2D9B5224-65AC-488E-989E-7086BF35F540}.Debug|Any CPU.ActiveCfg = Debug|Any CPU
		{2D9B5224-65AC-488E-989E-7086BF35F540}.Debug|Any CPU.Build.0 = Debug|Any CPU
		{2D9B5224-65AC-488E-989E-7086BF35F540}.Release|Any CPU.ActiveCfg = Release|Any CPU
		{2D9B5224-65AC-488E-989E-7086BF35F540}.Release|Any CPU.Build.0 = Release|Any CPU
	EndGlobalSection
	GlobalSection(SolutionProperties) = preSolution
		HideSolutionNode = FALSE
	EndGlobalSection
	GlobalSection(ExtensibilityGlobals) = postSolution
		SolutionGuid = {0BF33D30-8F5F-4434-B798-CE8895F68AC0}
	EndGlobalSection
EndGlobal
